
Microsoft Visual Studio Solution File, Format Version 12.00
# Visual Studio Version 17
VisualStudioVersion = 17.7.34031.279
MinimumVisualStudioVersion = 10.0.40219.1
Project("{9A19103F-16F7-4668-BE54-9A1E7A4F7556}") = "CleanMovie.Domain", "CleanMovie.Domain\CleanMovie.Domain.csproj", "{4D977C28-9821-48A1-8FF1-585C160F160C}"
EndProject
Project("{9A19103F-16F7-4668-BE54-9A1E7A4F7556}") = "CleanMovie.Application", "CleanMovie.Application\CleanMovie.Application.csproj", "{91D4151D-4431-4BF1-B74F-C54B51E6C3E1}"
EndProject
Project("{9A19103F-16F7-4668-BE54-9A1E7A4F7556}") = "CleanMovie.Infrastructure", "CleanMovie.Infrastructure\CleanMovie.Infrastructure.csproj", "{6F450D53-B992-4A3B-AA1E-3DED7924776F}"
EndProject
Project("{FAE04EC0-301F-11D3-BF4B-00C04F79EFBC}") = "CleanMovie.API", "CleanMovie.API\CleanMovie.API.csproj", "{A9A07465-D1CC-4142-8499-B2596E0C885D}"
EndProject
Global
	GlobalSection(SolutionConfigurationPlatforms) = preSolution
		Debug|Any CPU = Debug|Any CPU
		Release|Any CPU = Release|Any CPU
	EndGlobalSection
	GlobalSection(ProjectConfigurationPlatforms) = postSolution
		{4D977C28-9821-48A1-8FF1-585C160F160C}.Debug|Any CPU.ActiveCfg = Debug|Any CPU
		{4D977C28-9821-48A1-8FF1-585C160F160C}.Debug|Any CPU.Build.0 = Debug|Any CPU
		{4D977C28-9821-48A1-8FF1-585C160F160C}.Release|Any CPU.ActiveCfg = Release|Any CPU
		{4D977C28-9821-48A1-8FF1-585C160F160C}.Release|Any CPU.Build.0 = Release|Any CPU
		{91D4151D-4431-4BF1-B74F-C54B51E6C3E1}.Debug|Any CPU.ActiveCfg = Debug|Any CPU
		{91D4151D-4431-4BF1-B74F-C54B51E6C3E1}.Debug|Any CPU.Build.0 = Debug|Any CPU
		{91D4151D-4431-4BF1-B74F-C54B51E6C3E1}.Release|Any CPU.ActiveCfg = Release|Any CPU
		{91D4151D-4431-4BF1-B74F-C54B51E6C3E1}.Release|Any CPU.Build.0 = Release|Any CPU
		{6F450D53-B992-4A3B-AA1E-3DED7924776F}.Debug|Any CPU.ActiveCfg = Debug|Any CPU
		{6F450D53-B992-4A3B-AA1E-3DED7924776F}.Debug|Any CPU.Build.0 = Debug|Any CPU
		{6F450D53-B992-4A3B-AA1E-3DED7924776F}.Release|Any CPU.ActiveCfg = Release|Any CPU
		{6F450D53-B992-4A3B-AA1E-3DED7924776F}.Release|Any CPU.Build.0 = Release|Any CPU
		{A9A07465-D1CC-4142-8499-B2596E0C885D}.Debug|Any CPU.ActiveCfg = Debug|Any CPU
		{A9A07465-D1CC-4142-8499-B2596E0C885D}.Debug|Any CPU.Build.0 = Debug|Any CPU
		{A9A07465-D1CC-4142-8499-B2596E0C885D}.Release|Any CPU.ActiveCfg = Release|Any CPU
		{A9A07465-D1CC-4142-8499-B2596E0C885D}.Release|Any CPU.Build.0 = Release|Any CPU
	EndGlobalSection
	GlobalSection(SolutionProperties) = preSolution
		HideSolutionNode = FALSE
	EndGlobalSection
	GlobalSection(ExtensibilityGlobals) = postSolution
		SolutionGuid = {62CB8BD1-E4EF-4983-8BE6-80A0B8F19FFF}
	EndGlobalSection
EndGlobal
